
Microsoft Visual Studio Solution File, Format Version 12.00
# Visual Studio Version 16
VisualStudioVersion = 16.0.30523.141
MinimumVisualStudioVersion = 10.0.40219.1
Project("{FAE04EC0-301F-11D3-BF4B-00C04F79EFBC}") = "Lab4_7", "Lab4_7\Lab4_7.csproj", "{AD2BF4E3-4A29-43C7-98D3-CFA932686766}"
EndProject
Project("{FAE04EC0-301F-11D3-BF4B-00C04F79EFBC}") = "DL", "DL\DL.csproj", "{83B2C9AF-C502-4043-BD1E-BD902F734A73}"
EndProject
Global
	GlobalSection(SolutionConfigurationPlatforms) = preSolution
		Debug|Any CPU = Debug|Any CPU
		Release|Any CPU = Release|Any CPU
	EndGlobalSection
	GlobalSection(ProjectConfigurationPlatforms) = postSolution
		{AD2BF4E3-4A29-43C7-98D3-CFA932686766}.Debug|Any CPU.ActiveCfg = Debug|Any CPU
		{AD2BF4E3-4A29-43C7-98D3-CFA932686766}.Debug|Any CPU.Build.0 = Debug|Any CPU
		{AD2BF4E3-4A29-43C7-98D3-CFA932686766}.Release|Any CPU.ActiveCfg = Release|Any CPU
		{AD2BF4E3-4A29-43C7-98D3-CFA932686766}.Release|Any CPU.Build.0 = Release|Any CPU
		{83B2C9AF-C502-4043-BD1E-BD902F734A73}.Debug|Any CPU.ActiveCfg = Debug|Any CPU
		{83B2C9AF-C502-4043-BD1E-BD902F734A73}.Debug|Any CPU.Build.0 = Debug|Any CPU
		{83B2C9AF-C502-4043-BD1E-BD902F734A73}.Release|Any CPU.ActiveCfg = Release|Any CPU
		{83B2C9AF-C502-4043-BD1E-BD902F734A73}.Release|Any CPU.Build.0 = Release|Any CPU
	EndGlobalSection
	GlobalSection(SolutionProperties) = preSolution
		HideSolutionNode = FALSE
	EndGlobalSection
	GlobalSection(ExtensibilityGlobals) = postSolution
		SolutionGuid = {52D6D47F-762D-4EA6-AC31-25CC113E6920}
	EndGlobalSection
EndGlobal
